[[package]]
category = "main"
description = "A small Python module for determining appropriate platform-specific dirs, e.g. a \"user data dir\"."
name = "appdirs"
optional = false
python-versions = "*"
version = "1.4.4"

[package.source]
reference = "aliyun"
type = "legacy"
url = "https://mirrors.aliyun.com/pypi/simple"

[[package]]
category = "dev"
description = "Atomic file writes."
marker = "sys_platform == \"win32\""
name = "atomicwrites"
optional = false
python-versions = ">=2.7, !=3.0.*, !=3.1.*, !=3.2.*, !=3.3.*"
version = "1.4.0"

[package.source]
reference = "aliyun"
type = "legacy"
url = "https://mirrors.aliyun.com/pypi/simple"

[[package]]
category = "main"
description = "Classes Without Boilerplate"
name = "attrs"
optional = false
python-versions = ">=2.7, !=3.0.*, !=3.1.*, !=3.2.*, !=3.3.*"
version = "19.3.0"

[package.extras]
azure-pipelines = ["coverage", "hypothesis", "pympler", "pytest (>=4.3.0)", "six", "zope.interface", "pytest-azurepipelines"]
dev = ["coverage", "hypothesis", "pympler", "pytest (>=4.3.0)", "six", "zope.interface", "sphinx", "pre-commit"]
docs = ["sphinx", "zope.interface"]
tests = ["coverage", "hypothesis", "pympler", "pytest (>=4.3.0)", "six", "zope.interface"]

[package.source]
reference = "aliyun"
type = "legacy"
url = "https://mirrors.aliyun.com/pypi/simple"

[[package]]
category = "dev"
description = "The uncompromising code formatter."
name = "black"
optional = false
python-versions = ">=3.6"
version = "18.9b0"

[package.dependencies]
appdirs = "*"
attrs = ">=17.4.0"
click = ">=6.5"
toml = ">=0.9.4"

[package.extras]
d = ["aiohttp (>=3.3.2)"]

[package.source]
reference = "aliyun"
type = "legacy"
url = "https://mirrors.aliyun.com/pypi/simple"

[[package]]
category = "main"
description = "Composable command line interface toolkit"
name = "click"
optional = false
python-versions = ">=2.7, !=3.0.*, !=3.1.*, !=3.2.*, !=3.3.*, !=3.4.*"
version = "7.1.2"

[package.source]
reference = "aliyun"
type = "legacy"
url = "https://mirrors.aliyun.com/pypi/simple"

[[package]]
category = "dev"
description = "Cross-platform colored terminal text."
marker = "sys_platform == \"win32\" or platform_system == \"Windows\""
name = "colorama"
optional = false
python-versions = ">=2.7, !=3.0.*, !=3.1.*, !=3.2.*, !=3.3.*, !=3.4.*"
version = "0.4.3"

[package.source]
reference = "aliyun"
type = "legacy"
url = "https://mirrors.aliyun.com/pypi/simple"

[[package]]
category = "main"
description = "XML bomb protection for Python stdlib modules"
name = "defusedxml"
optional = false
python-versions = ">=2.7, !=3.0.*, !=3.1.*, !=3.2.*, !=3.3.*, !=3.4.*"
version = "0.6.0"

[package.source]
reference = "aliyun"
type = "legacy"
url = "https://mirrors.aliyun.com/pypi/simple"

[[package]]
category = "dev"
description = "Distribution utilities"
name = "distlib"
optional = false
python-versions = "*"
version = "0.3.1"

[package.source]
reference = "aliyun"
type = "legacy"
url = "https://mirrors.aliyun.com/pypi/simple"

[[package]]
category = "main"
description = "An implementation of lxml.xmlfile for the standard library"
name = "et-xmlfile"
optional = false
python-versions = "*"
version = "1.0.1"

[package.source]
reference = "aliyun"
type = "legacy"
url = "https://mirrors.aliyun.com/pypi/simple"

[[package]]
category = "dev"
description = "A platform independent file lock."
name = "filelock"
optional = false
python-versions = "*"
version = "3.0.12"

[package.source]
reference = "aliyun"
type = "legacy"
url = "https://mirrors.aliyun.com/pypi/simple"

[[package]]
category = "dev"
description = "Read metadata from Python packages"
marker = "python_version < \"3.8\""
name = "importlib-metadata"
optional = false
python-versions = "!=3.0.*,!=3.1.*,!=3.2.*,!=3.3.*,!=3.4.*,>=2.7"
version = "1.7.0"

[package.dependencies]
zipp = ">=0.5"

[package.extras]
docs = ["sphinx", "rst.linker"]
testing = ["packaging", "pep517", "importlib-resources (>=1.3)"]

[package.source]
reference = "aliyun"
type = "legacy"
url = "https://mirrors.aliyun.com/pypi/simple"

[[package]]
category = "dev"
description = "A Python utility / library to sort Python imports."
name = "isort"
optional = false
python-versions = ">=2.7, !=3.0.*, !=3.1.*, !=3.2.*, !=3.3.*"
version = "4.3.21"

[package.dependencies]
[package.dependencies.toml]
optional = true
version = "*"

[package.extras]
pipfile = ["pipreqs", "requirementslib"]
pyproject = ["toml"]
requirements = ["pipreqs", "pip-api"]
xdg_home = ["appdirs (>=1.4.0)"]

[package.source]
reference = "aliyun"
type = "legacy"
url = "https://mirrors.aliyun.com/pypi/simple"

[[package]]
category = "main"
description = "Julian dates from proleptic Gregorian and Julian calendars."
name = "jdcal"
optional = false
python-versions = "*"
version = "1.4.1"

[package.source]
reference = "aliyun"
type = "legacy"
url = "https://mirrors.aliyun.com/pypi/simple"

[[package]]
category = "main"
description = "An HTML/XML generator"
name = "markuppy"
optional = false
python-versions = "*"
version = "1.14"

[package.source]
reference = "aliyun"
type = "legacy"
url = "https://mirrors.aliyun.com/pypi/simple"

[[package]]
category = "dev"
description = "More routines for operating on iterables, beyond itertools"
name = "more-itertools"
optional = false
python-versions = ">=3.5"
version = "8.5.0"

[package.source]
reference = "aliyun"
type = "legacy"
url = "https://mirrors.aliyun.com/pypi/simple"

[[package]]
category = "main"
description = "Python API and tools to manipulate OpenDocument files"
name = "odfpy"
optional = false
python-versions = "*"
version = "1.4.1"

[package.dependencies]
defusedxml = "*"

[package.source]
reference = "aliyun"
type = "legacy"
url = "https://mirrors.aliyun.com/pypi/simple"

[[package]]
category = "main"
description = "A Python library to read/write Excel 2010 xlsx/xlsm files"
name = "openpyxl"
optional = false
python-versions = ">=3.6,"
version = "3.0.5"

[package.dependencies]
et-xmlfile = "*"
jdcal = "*"

[package.source]
reference = "aliyun"
type = "legacy"
url = "https://mirrors.aliyun.com/pypi/simple"

[[package]]
category = "dev"
description = "Core utilities for Python packages"
name = "packaging"
optional = false
python-versions = ">=2.7, !=3.0.*, !=3.1.*, !=3.2.*, !=3.3.*"
version = "20.4"

[package.dependencies]
pyparsing = ">=2.0.2"
six = "*"

[package.source]
reference = "aliyun"
type = "legacy"
url = "https://mirrors.aliyun.com/pypi/simple"

[[package]]
category = "dev"
description = "plugin and hook calling mechanisms for python"
name = "pluggy"
optional = false
python-versions = ">=2.7, !=3.0.*, !=3.1.*, !=3.2.*, !=3.3.*"
version = "0.13.1"

[package.dependencies]
[package.dependencies.importlib-metadata]
python = "<3.8"
version = ">=0.12"

[package.extras]
dev = ["pre-commit", "tox"]

[package.source]
reference = "aliyun"
type = "legacy"
url = "https://mirrors.aliyun.com/pypi/simple"

[[package]]
category = "dev"
description = "library with cross-python path, ini-parsing, io, code, log facilities"
name = "py"
optional = false
python-versions = ">=2.7, !=3.0.*, !=3.1.*, !=3.2.*, !=3.3.*"
version = "1.9.0"

[package.source]
reference = "aliyun"
type = "legacy"
url = "https://mirrors.aliyun.com/pypi/simple"

[[package]]
category = "dev"
description = "Python parsing module"
name = "pyparsing"
optional = false
python-versions = ">=2.6, !=3.0.*, !=3.1.*, !=3.2.*"
version = "2.4.7"

[package.source]
reference = "aliyun"
type = "legacy"
url = "https://mirrors.aliyun.com/pypi/simple"

[[package]]
category = "main"
description = "汉字拼音转换模块/工具."
name = "pypinyin"
optional = false
python-versions = ">=2.6, !=3.0.*, !=3.1.*, !=3.2.*, <4"
version = "0.36.0"

[package.source]
reference = "aliyun"
type = "legacy"
url = "https://mirrors.aliyun.com/pypi/simple"

[[package]]
category = "dev"
description = "pytest: simple powerful testing with Python"
name = "pytest"
optional = false
python-versions = ">=3.5"
version = "5.4.3"

[package.dependencies]
atomicwrites = ">=1.0"
attrs = ">=17.4.0"
colorama = "*"
more-itertools = ">=4.0.0"
packaging = "*"
pluggy = ">=0.12,<1.0"
py = ">=1.5.0"
wcwidth = "*"

[package.dependencies.importlib-metadata]
python = "<3.8"
version = ">=0.12"

[package.extras]
checkqa-mypy = ["mypy (v0.761)"]
testing = ["argcomplete", "hypothesis (>=3.56)", "mock", "nose", "requests", "xmlschema"]

[package.source]
reference = "aliyun"
type = "legacy"
url = "https://mirrors.aliyun.com/pypi/simple"

[[package]]
category = "main"
description = "YAML parser and emitter for Python"
name = "pyyaml"
optional = false
python-versions = ">=2.7, !=3.0.*, !=3.1.*, !=3.2.*, !=3.3.*, !=3.4.*"
version = "5.3.1"

[package.source]
reference = "aliyun"
type = "legacy"
url = "https://mirrors.aliyun.com/pypi/simple"

[[package]]
category = "dev"
description = "Python 2 and 3 compatibility utilities"
name = "six"
optional = false
python-versions = ">=2.7, !=3.0.*, !=3.1.*, !=3.2.*"
version = "1.15.0"

[package.source]
reference = "aliyun"
type = "legacy"
url = "https://mirrors.aliyun.com/pypi/simple"

[[package]]
category = "main"
description = "Format agnostic tabular data library (XLS, JSON, YAML, CSV)"
name = "tablib"
optional = false
python-versions = ">=2.7, !=3.0.*, !=3.1.*, !=3.2.*, !=3.3.*, !=3.4.*"
version = "0.14.0"

[package.dependencies]
markuppy = "*"
odfpy = "*"
openpyxl = ">=2.4.0"
pyyaml = "*"
xlrd = "*"
xlwt = "*"

[package.extras]
pandas = ["pandas"]

[package.source]
reference = "aliyun"
type = "legacy"
url = "https://mirrors.aliyun.com/pypi/simple"

[[package]]
category = "main"
description = "Python Library for Tom's Obvious, Minimal Language"
name = "toml"
optional = false
python-versions = "*"
version = "0.10.1"

[package.source]
reference = "aliyun"
type = "legacy"
url = "https://mirrors.aliyun.com/pypi/simple"

[[package]]
category = "dev"
description = "tox is a generic virtualenv management and test command line tool"
name = "tox"
optional = false
python-versions = "!=3.0.*,!=3.1.*,!=3.2.*,!=3.3.*,!=3.4.*,>=2.7"
version = "3.20.0"

[package.dependencies]
colorama = ">=0.4.1"
filelock = ">=3.0.0"
packaging = ">=14"
pluggy = ">=0.12.0"
py = ">=1.4.17"
six = ">=1.14.0"
toml = ">=0.9.4"
virtualenv = ">=16.0.0,<20.0.0 || >20.0.0,<20.0.1 || >20.0.1,<20.0.2 || >20.0.2,<20.0.3 || >20.0.3,<20.0.4 || >20.0.4,<20.0.5 || >20.0.5,<20.0.6 || >20.0.6,<20.0.7 || >20.0.7"

[package.dependencies.importlib-metadata]
python = "<3.8"
version = ">=0.12,<2"

[package.extras]
docs = ["pygments-github-lexers (>=0.0.5)", "sphinx (>=2.0.0)", "sphinxcontrib-autoprogram (>=0.1.5)", "towncrier (>=18.5.0)"]
testing = ["flaky (>=3.4.0)", "freezegun (>=0.3.11)", "pathlib2 (>=2.3.3)", "psutil (>=5.6.1)", "pytest (>=4.0.0)", "pytest-cov (>=2.5.1)", "pytest-mock (>=1.10.0)", "pytest-randomly (>=1.0.0)", "pytest-xdist (>=1.22.2)"]

[package.source]
reference = "aliyun"
type = "legacy"
url = "https://mirrors.aliyun.com/pypi/simple"

[[package]]
category = "dev"
description = "Virtual Python Environment builder"
name = "virtualenv"
optional = false
python-versions = "!=3.0.*,!=3.1.*,!=3.2.*,!=3.3.*,>=2.7"
version = "20.0.31"

[package.dependencies]
appdirs = ">=1.4.3,<2"
distlib = ">=0.3.1,<1"
filelock = ">=3.0.0,<4"
six = ">=1.9.0,<2"

[package.dependencies.importlib-metadata]
python = "<3.8"
version = ">=0.12,<2"

[package.extras]
docs = ["proselint (>=0.10.2)", "sphinx (>=3)", "sphinx-argparse (>=0.2.5)", "sphinx-rtd-theme (>=0.4.3)", "towncrier (>=19.9.0rc1)"]
testing = ["coverage (>=5)", "coverage-enable-subprocess (>=1)", "flaky (>=3)", "pytest (>=4)", "pytest-env (>=0.6.2)", "pytest-freezegun (>=0.4.1)", "pytest-mock (>=2)", "pytest-randomly (>=1)", "pytest-timeout (>=1)", "pytest-xdist (>=1.31.0)", "packaging (>=20.0)", "xonsh (>=0.9.16)"]

[package.source]
reference = "aliyun"
type = "legacy"
url = "https://mirrors.aliyun.com/pypi/simple"

[[package]]
category = "dev"
description = "Measures the displayed width of unicode strings in a terminal"
name = "wcwidth"
optional = false
python-versions = "*"
version = "0.2.5"

[package.source]
reference = "aliyun"
type = "legacy"
url = "https://mirrors.aliyun.com/pypi/simple"

[[package]]
category = "main"
description = "Library for developers to extract data from Microsoft Excel (tm) spreadsheet files"
name = "xlrd"
optional = false
python-versions = ">=2.7, !=3.0.*, !=3.1.*, !=3.2.*, !=3.3.*"
version = "1.2.0"

[package.source]
reference = "aliyun"
type = "legacy"
url = "https://mirrors.aliyun.com/pypi/simple"

[[package]]
category = "main"
description = "Library to create spreadsheet files compatible with MS Excel 97/2000/XP/2003 XLS files, on any platform, with Python 2.6, 2.7, 3.3+"
name = "xlwt"
optional = false
python-versions = "*"
version = "1.3.0"

[package.source]
reference = "aliyun"
type = "legacy"
url = "https://mirrors.aliyun.com/pypi/simple"

[[package]]
category = "dev"
description = "Backport of pathlib-compatible object wrapper for zip files"
marker = "python_version < \"3.8\""
name = "zipp"
optional = false
python-versions = ">=3.6"
version = "3.1.0"

[package.extras]
docs = ["sphinx", "jaraco.packaging (>=3.2)", "rst.linker (>=1.9)"]
testing = ["jaraco.itertools", "func-timeout"]

[package.source]
reference = "aliyun"
type = "legacy"
url = "https://mirrors.aliyun.com/pypi/simple"

[metadata]
content-hash = "6efa5cc7286ec50b06a364b8cace806fff9eb40e5e79e3fcabfb3579b185b885"
python-versions = "^3.7"

[metadata.hashes]
appdirs = ["7d5d0167b2b1ba821647616af46a749d1c653740dd0d2415100fe26e27afdf41", "a841dacd6b99318a741b166adb07e19ee71a274450e68237b4650ca1055ab128"]
atomicwrites = ["6d1784dea7c0c8d4a5172b6c620f40b6e4cbfdf96d783691f2e1302a7b88e197", "ae70396ad1a434f9c7046fd2dd196fc04b12f9e91ffb859164193be8b6168a7a"]
attrs = ["08a96c641c3a74e44eb59afb61a24f2cb9f4d7188748e76ba4bb5edfa3cb7d1c", "f7b7ce16570fe9965acd6d30101a28f62fb4a7f9e926b3bbc9b61f8b04247e72"]
black = ["817243426042db1d36617910df579a54f1afd659adb96fc5032fcf4b36209739", "e030a9a28f542debc08acceb273f228ac422798e5215ba2a791a6ddeaaca22a5"]
click = ["d2b5255c7c6349bc1bd1e59e08cd12acbbd63ce649f2588755783aa94dfb6b1a", "dacca89f4bfadd5de3d7489b7c8a566eee0d3676333fbb50030263894c38c0dc"]
colorama = ["7d73d2a99753107a36ac6b455ee49046802e59d9d076ef8e47b61499fa29afff", "e96da0d330793e2cb9485e9ddfd918d456036c7149416295932478192f4436a1"]
defusedxml = ["6687150770438374ab581bb7a1b327a847dd9c5749e396102de3fad4e8a3ef93", "f684034d135af4c6cbb949b8a4d2ed61634515257a67299e5f940fbaa34377f5"]
distlib = ["8c09de2c67b3e7deef7184574fc060ab8a793e7adbb183d942c389c8b13c52fb", "edf6116872c863e1aa9d5bb7cb5e05a022c519a4594dc703843343a9ddd9bff1"]
et-xmlfile = ["md5:f47940fd9d556375420b2e276476cfaf"]
filelock = ["18d82244ee114f543149c66a6e0c14e9c4f8a1044b5cdaadd0f82159d6a6ff59", "929b7d63ec5b7d6b71b0fa5ac14e030b3f70b75747cef1b10da9b879fef15836"]
importlib-metadata = ["90bb658cdbbf6d1735b6341ce708fc7024a3e14e99ffdc5783edea9f9b077f83", "dc15b2969b4ce36305c51eebe62d418ac7791e9a157911d58bfb1f9ccd8e2070"]
isort = ["54da7e92468955c4fceacd0c86bd0ec997b0e1ee80d97f67c35a78b719dccab1", "6e811fcb295968434526407adb8796944f1988c5b65e8139058f2014cbe100fd"]
jdcal = ["1abf1305fce18b4e8aa248cf8fe0c56ce2032392bc64bbd61b5dff2a19ec8bba", "472872e096eb8df219c23f2689fc336668bdb43d194094b5cc1707e1640acfc8"]
markuppy = ["md5:8c5906f3d6043b981a04bc876c454e31"]
more-itertools = ["6f83822ae94818eae2612063a5101a7311e68ae8002005b5e05f03fd74a86a20", "9b30f12df9393f0d28af9210ff8efe48d10c94f73e5daf886f10c4b0b0b4f03c"]
odfpy = ["db766a6e59c5103212f3cc92ec8dd50a0f3a02790233ed0b52148b70d3c438ec"]
openpyxl = ["18e11f9a650128a12580a58e3daba14e00a11d9e907c554a17ea016bf1a2c71b", "f7d666b569f729257082cf7ddc56262431878f602dcc2bc3980775c59439cdab"]
packaging = ["4357f74f47b9c12db93624a82154e9b120fa8293699949152b22065d556079f8", "998416ba6962ae7fbd6596850b80e17859a5753ba17c32284f67bfff33784181"]
pluggy = ["15b2acde666561e1298d71b523007ed7364de07029219b604cf808bfa1c765b0", "966c145cd83c96502c3c3868f50408687b38434af77734af1e9ca461a4081d2d"]
py = ["366389d1db726cd2fcfc79732e75410e5fe4d31db13692115529d34069a043c2", "9ca6883ce56b4e8da7e79ac18787889fa5206c79dcc67fb065376cd2fe03f342"]
pyparsing = ["c203ec8783bf771a155b207279b9bccb8dea02d8f0c9e5f8ead507bc3246ecc1", "ef9d7589ef3c200abe66653d3f1ab1033c3c419ae9b9bdb1240a85b024efc88b"]
pypinyin = ["c3d34934dc6feee799143e6730ab6af8b67941982323da1ff259c2e56e186d19", "e6d7808eeff2a1af90868e06fa18a5677d339ea5b4f4356b20457f3cc84ed3d1"]
pytest = ["5c0db86b698e8f170ba4582a492248919255fcd4c79b1ee64ace34301fb589a1", "7979331bfcba207414f5e1263b5a0f8f521d0f457318836a7355531ed1a4c7d8"]
pyyaml = ["06a0d7ba600ce0b2d2fe2e78453a470b5a6e000a985dd4a4e54e436cc36b0e97", "240097ff019d7c70a4922b6869d8a86407758333f02203e0fc6ff79c5dcede76", "4f4b913ca1a7319b33cfb1369e91e50354d6f07a135f3b901aca02aa95940bd2", "69f00dca373f240f842b2931fb2c7e14ddbacd1397d57157a9b005a6a9942648", "73f099454b799e05e5ab51423c7bcf361c58d3206fa7b0d555426b1f4d9a3eaf", "74809a57b329d6cc0fdccee6318f44b9b8649961fa73144a98735b0aaf029f1f", "7739fc0fa8205b3ee8808aea45e968bc90082c10aef6ea95e855e10abf4a37b2", "95f71d2af0ff4227885f7a6605c37fd53d3a106fcab511b8860ecca9fcf400ee", "b8eac752c5e14d3eca0e6dd9199cd627518cb5ec06add0de9d32baeee6fe645d", "cc8955cfbfc7a115fa81d85284ee61147059a753344bc51098f3ccd69b0d7e0c", "d13155f591e6fcc1ec3b30685d50bf0711574e2c0dfffd7644babf8b5102ca1a"]
six = ["30639c035cdb23534cd4aa2dd52c3bf48f06e5f4a941509c8bafd8ce11080259", "8b74bedcbbbaca38ff6d7491d76f2b06b3592611af620f8426e82dddb04a5ced"]
tablib = ["00654241e5beee437ba544e4fa4abef70ccec3668503aa95406c1250bb660770", "6336e7aa3f0e5894b47270a3dc639cc2e78eb823c7ccb8c4512fb408cdc18d08"]
toml = ["926b612be1e5ce0634a2ca03470f95169cf16f939018233a670519cb4ac58b0f", "bda89d5935c2eac546d648028b9901107a595863cb36bae0c73ac804a9b4ce88"]
tox = ["e6318f404aff16522ff5211c88cab82b39af121735a443674e4e2e65f4e4637b", "eb629ddc60e8542fd4a1956b2462e3b8771d49f1ff630cecceacaa0fbfb7605a"]
virtualenv = ["43add625c53c596d38f971a465553f6318decc39d98512bc100fa1b1e839c8dc", "e0305af10299a7fb0d69393d8f04cb2965dda9351140d11ac8db4e5e3970451b"]
wcwidth = ["beb4802a9cebb9144e99086eff703a642a13d6a0052920003a230f3294bbe784", "c4d647b99872929fdb7bdcaa4fbe7f01413ed3d98077df798530e5b04f116c83"]
xlrd = ["546eb36cee8db40c3eaa46c351e67ffee6eeb5fa2650b71bc4c758a29a1b29b2", "e551fb498759fa3a5384a94ccd4c3c02eb7c00ea424426e212ac0c57be9dfbde"]
xlwt = ["md5:085e6a73f9bffa8de4abd2c131b8afd5", "md5:4b1ca8a3cef3261f4b4dc3f138e383a8"]
zipp = ["aa36550ff0c0b7ef7fa639055d797116ee891440eac1a56f378e2d3179e0320b", "c599e4d75c98f6798c509911d08a22e6c021d074469042177c8c86fb92eefd96"]
